// !$*UTF8*$!
{
	archiveVersion = 1;
	classes = {
	};
	objectVersion = 46;
	objects = {

/* Begin PBXBuildFile section */
		A7926DDB197066A900AEBE73 /* Foundation.framework in Frameworks */ = {isa = PBXBuildFile; fileRef = A7926DDA197066A900AEBE73 /* Foundation.framework */; };
		A7926DDD197066A900AEBE73 /* CoreGraphics.framework in Frameworks */ = {isa = PBXBuildFile; fileRef = A7926DDC197066A900AEBE73 /* CoreGraphics.framework */; };
		A7926DDF197066A900AEBE73 /* UIKit.framework in Frameworks */ = {isa = PBXBuildFile; fileRef = A7926DDE197066A900AEBE73 /* UIKit.framework */; };
		A7926DE5197066A900AEBE73 /* InfoPlist.strings in Resources */ = {isa = PBXBuildFile; fileRef = A7926DE3197066A900AEBE73 /* InfoPlist.strings */; };
		A7926DE7197066A900AEBE73 /* main.m in Sources */ = {isa = PBXBuildFile; fileRef = A7926DE6197066A900AEBE73 /* main.m */; };
		A7926DEB197066A900AEBE73 /* AppDelegate.m in Sources */ = {isa = PBXBuildFile; fileRef = A7926DEA197066A900AEBE73 /* AppDelegate.m */; };
		A7926DED197066A900AEBE73 /* Images.xcassets in Resources */ = {isa = PBXBuildFile; fileRef = A7926DEC197066A900AEBE73 /* Images.xcassets */; };
		A7926DF4197066A900AEBE73 /* XCTest.framework in Frameworks */ = {isa = PBXBuildFile; fileRef = A7926DF3197066A900AEBE73 /* XCTest.framework */; };
		A7926DF5197066A900AEBE73 /* Foundation.framework in Frameworks */ = {isa = PBXBuildFile; fileRef = A7926DDA197066A900AEBE73 /* Foundation.framework */; };
		A7926DF6197066A900AEBE73 /* UIKit.framework in Frameworks */ = {isa = PBXBuildFile; fileRef = A7926DDE197066A900AEBE73 /* UIKit.framework */; };
		A7926DFE197066A900AEBE73 /* InfoPlist.strings in Resources */ = {isa = PBXBuildFile; fileRef = A7926DFC197066A900AEBE73 /* InfoPlist.strings */; };
		A7926E00197066A900AEBE73 /* Cars_And_AnimalsTests.m in Sources */ = {isa = PBXBuildFile; fileRef = A7926DFF197066A900AEBE73 /* Cars_And_AnimalsTests.m */; };
		A7926E0B1970679400AEBE73 /* ListsTableViewController.m in Sources */ = {isa = PBXBuildFile; fileRef = A7926E0A1970679400AEBE73 /* ListsTableViewController.m */; };
		A7926E0E1970699A00AEBE73 /* ListsTVCInterfaceTool.m in Sources */ = {isa = PBXBuildFile; fileRef = A7926E0D1970699A00AEBE73 /* ListsTVCInterfaceTool.m */; };
		A7926E1419706E9200AEBE73 /* CarModel.m in Sources */ = {isa = PBXBuildFile; fileRef = A7926E1319706E9200AEBE73 /* CarModel.m */; };
		A7926E1719706E9F00AEBE73 /* AnimalModel.m in Sources */ = {isa = PBXBuildFile; fileRef = A7926E1619706E9F00AEBE73 /* AnimalModel.m */; };
		A7926E1B19706EC000AEBE73 /* ListManager.m in Sources */ = {isa = PBXBuildFile; fileRef = A7926E1A19706EC000AEBE73 /* ListManager.m */; };
		A7926E24197072E900AEBE73 /* CarListTableViewCell.m in Sources */ = {isa = PBXBuildFile; fileRef = A7926E23197072E900AEBE73 /* CarListTableViewCell.m */; };
		A7926E27197072FC00AEBE73 /* AnimalListTableViewCell.m in Sources */ = {isa = PBXBuildFile; fileRef = A7926E26197072FC00AEBE73 /* AnimalListTableViewCell.m */; };
		A7926E2A1970750800AEBE73 /* ListTableViewCell.m in Sources */ = {isa = PBXBuildFile; fileRef = A7926E291970750800AEBE73 /* ListTableViewCell.m */; };
/* End PBXBuildFile section */

/* Begin PBXContainerItemProxy section */
		A7926DF7197066A900AEBE73 /* PBXContainerItemProxy */ = {
			isa = PBXContainerItemProxy;
			containerPortal = A7926DCF197066A900AEBE73 /* Project object */;
			proxyType = 1;
			remoteGlobalIDString = A7926DD6197066A900AEBE73;
			remoteInfo = Cars_And_Animals;
		};
/* End PBXContainerItemProxy section */

/* Begin PBXFileReference section */
		A7926DD7197066A900AEBE73 /* Cars_And_Animals.app */ = {isa = PBXFileReference; explicitFileType = wrapper.application; includeInIndex = 0; path = Cars_And_Animals.app; sourceTree = BUILT_PRODUCTS_DIR; };
		A7926DDA197066A900AEBE73 /* Foundation.framework */ = {isa = PBXFileReference; lastKnownFileType = wrapper.framework; name = Foundation.framework; path = System/Library/Frameworks/Foundation.framework; sourceTree = SDKROOT; };
		A7926DDC197066A900AEBE73 /* CoreGraphics.framework */ = {isa = PBXFileReference; lastKnownFileType = wrapper.framework; name = CoreGraphics.framework; path = System/Library/Frameworks/CoreGraphics.framework; sourceTree = SDKROOT; };
		A7926DDE197066A900AEBE73 /* UIKit.framework */ = {isa = PBXFileReference; lastKnownFileType = wrapper.framework; name = UIKit.framework; path = System/Library/Frameworks/UIKit.framework; sourceTree = SDKROOT; };
		A7926DE2197066A900AEBE73 /* Cars_And_Animals-Info.plist */ = {isa = PBXFileReference; lastKnownFileType = text.plist.xml; path = "Cars_And_Animals-Info.plist"; sourceTree = "<group>"; };
		A7926DE4197066A900AEBE73 /* en */ = {isa = PBXFileReference; lastKnownFileType = text.plist.strings; name = en; path = en.lproj/InfoPlist.strings; sourceTree = "<group>"; };
		A7926DE6197066A900AEBE73 /* main.m */ = {isa = PBXFileReference; lastKnownFileType = sourcecode.c.objc; path = main.m; sourceTree = "<group>"; };
		A7926DE8197066A900AEBE73 /* Cars_And_Animals-Prefix.pch */ = {isa = PBXFileReference; lastKnownFileType = sourcecode.c.h; path = "Cars_And_Animals-Prefix.pch"; sourceTree = "<group>"; };
		A7926DE9197066A900AEBE73 /* AppDelegate.h */ = {isa = PBXFileReference; lastKnownFileType = sourcecode.c.h; path = AppDelegate.h; sourceTree = "<group>"; };
		A7926DEA197066A900AEBE73 /* AppDelegate.m */ = {isa = PBXFileReference; lastKnownFileType = sourcecode.c.objc; path = AppDelegate.m; sourceTree = "<group>"; };
		A7926DEC197066A900AEBE73 /* Images.xcassets */ = {isa = PBXFileReference; lastKnownFileType = folder.assetcatalog; path = Images.xcassets; sourceTree = "<group>"; };
		A7926DF2197066A900AEBE73 /* Cars_And_AnimalsTests.xctest */ = {isa = PBXFileReference; explicitFileType = wrapper.cfbundle; includeInIndex = 0; path = Cars_And_AnimalsTests.xctest; sourceTree = BUILT_PRODUCTS_DIR; };
		A7926DF3197066A900AEBE73 /* XCTest.framework */ = {isa = PBXFileReference; lastKnownFileType = wrapper.framework; name = XCTest.framework; path = Library/Frameworks/XCTest.framework; sourceTree = DEVELOPER_DIR; };
		A7926DFB197066A900AEBE73 /* Cars_And_AnimalsTests-Info.plist */ = {isa = PBXFileReference; lastKnownFileType = text.plist.xml; path = "Cars_And_AnimalsTests-Info.plist"; sourceTree = "<group>"; };
		A7926DFD197066A900AEBE73 /* en */ = {isa = PBXFileReference; lastKnownFileType = text.plist.strings; name = en; path = en.lproj/InfoPlist.strings; sourceTree = "<group>"; };
		A7926DFF197066A900AEBE73 /* Cars_And_AnimalsTests.m */ = {isa = PBXFileReference; lastKnownFileType = sourcecode.c.objc; path = Cars_And_AnimalsTests.m; sourceTree = "<group>"; };
		A7926E091970679400AEBE73 /* ListsTableViewController.h */ = {isa = PBXFileReference; fileEncoding = 4; lastKnownFileType = sourcecode.c.h; path = ListsTableViewController.h; sourceTree = "<group>"; };
		A7926E0A1970679400AEBE73 /* ListsTableViewController.m */ = {isa = PBXFileReference; fileEncoding = 4; lastKnownFileType = sourcecode.c.objc; path = ListsTableViewController.m; sourceTree = "<group>"; };
		A7926E0C1970699A00AEBE73 /* ListsTVCInterfaceTool.h */ = {isa = PBXFileReference; fileEncoding = 4; lastKnownFileType = sourcecode.c.h; path = ListsTVCInterfaceTool.h; sourceTree = "<group>"; };
		A7926E0D1970699A00AEBE73 /* ListsTVCInterfaceTool.m */ = {isa = PBXFileReference; fileEncoding = 4; lastKnownFileType = sourcecode.c.objc; path = ListsTVCInterfaceTool.m; sourceTree = "<group>"; };
		A7926E0F19706D7500AEBE73 /* Constants.h */ = {isa = PBXFileReference; fileEncoding = 4; lastKnownFileType = sourcecode.c.h; path = Constants.h; sourceTree = "<group>"; };
		A7926E1219706E9200AEBE73 /* CarModel.h */ = {isa = PBXFileReference; fileEncoding = 4; lastKnownFileType = sourcecode.c.h; path = CarModel.h; sourceTree = "<group>"; };
		A7926E1319706E9200AEBE73 /* CarModel.m */ = {isa = PBXFileReference; fileEncoding = 4; lastKnownFileType = sourcecode.c.objc; path = CarModel.m; sourceTree = "<group>"; };
		A7926E1519706E9F00AEBE73 /* AnimalModel.h */ = {isa = PBXFileReference; fileEncoding = 4; lastKnownFileType = sourcecode.c.h; path = AnimalModel.h; sourceTree = "<group>"; };
		A7926E1619706E9F00AEBE73 /* AnimalModel.m */ = {isa = PBXFileReference; fileEncoding = 4; lastKnownFileType = sourcecode.c.objc; path = AnimalModel.m; sourceTree = "<group>"; };
		A7926E1919706EC000AEBE73 /* ListManager.h */ = {isa = PBXFileReference; fileEncoding = 4; lastKnownFileType = sourcecode.c.h; path = ListManager.h; sourceTree = "<group>"; };
		A7926E1A19706EC000AEBE73 /* ListManager.m */ = {isa = PBXFileReference; fileEncoding = 4; lastKnownFileType = sourcecode.c.objc; path = ListManager.m; sourceTree = "<group>"; };
		A7926E1C19706F7C00AEBE73 /* Models.h */ = {isa = PBXFileReference; fileEncoding = 4; lastKnownFileType = sourcecode.c.h; path = Models.h; sourceTree = "<group>"; };
		A7926E22197072E900AEBE73 /* CarListTableViewCell.h */ = {isa = PBXFileReference; fileEncoding = 4; lastKnownFileType = sourcecode.c.h; path = CarListTableViewCell.h; sourceTree = "<group>"; };
		A7926E23197072E900AEBE73 /* CarListTableViewCell.m */ = {isa = PBXFileReference; fileEncoding = 4; lastKnownFileType = sourcecode.c.objc; path = CarListTableViewCell.m; sourceTree = "<group>"; };
		A7926E25197072FC00AEBE73 /* AnimalListTableViewCell.h */ = {isa = PBXFileReference; fileEncoding = 4; lastKnownFileType = sourcecode.c.h; path = AnimalListTableViewCell.h; sourceTree = "<group>"; };
		A7926E26197072FC00AEBE73 /* AnimalListTableViewCell.m */ = {isa = PBXFileReference; fileEncoding = 4; lastKnownFileType = sourcecode.c.objc; path = AnimalListTableViewCell.m; sourceTree = "<group>"; };
		A7926E281970750800AEBE73 /* ListTableViewCell.h */ = {isa = PBXFileReference; fileEncoding = 4; lastKnownFileType = sourcecode.c.h; path = ListTableViewCell.h; sourceTree = "<group>"; };
		A7926E291970750800AEBE73 /* ListTableViewCell.m */ = {isa = PBXFileReference; fileEncoding = 4; lastKnownFileType = sourcecode.c.objc; path = ListTableViewCell.m; sourceTree = "<group>"; };
/* End PBXFileReference section */

/* Begin PBXFrameworksBuildPhase section */
		A7926DD4197066A900AEBE73 /* Frameworks */ = {
			isa = PBXFrameworksBuildPhase;
			buildActionMask = 2147483647;
			files = (
				A7926DDD197066A900AEBE73 /* CoreGraphics.framework in Frameworks */,
				A7926DDF197066A900AEBE73 /* UIKit.framework in Frameworks */,
				A7926DDB197066A900AEBE73 /* Foundation.framework in Frameworks */,
			);
			runOnlyForDeploymentPostprocessing = 0;
		};
		A7926DEF197066A900AEBE73 /* Frameworks */ = {
			isa = PBXFrameworksBuildPhase;
			buildActionMask = 2147483647;
			files = (
				A7926DF4197066A900AEBE73 /* XCTest.framework in Frameworks */,
				A7926DF6197066A900AEBE73 /* UIKit.framework in Frameworks */,
				A7926DF5197066A900AEBE73 /* Foundation.framework in Frameworks */,
			);
			runOnlyForDeploymentPostprocessing = 0;
		};
/* End PBXFrameworksBuildPhase section */

/* Begin PBXGroup section */
		A7926DCE197066A900AEBE73 = {
			isa = PBXGroup;
			children = (
				A7926DE0197066A900AEBE73 /* Cars_And_Animals */,
				A7926DF9197066A900AEBE73 /* Cars_And_AnimalsTests */,
				A7926DD9197066A900AEBE73 /* Frameworks */,
				A7926DD8197066A900AEBE73 /* Products */,
			);
			sourceTree = "<group>";
		};
		A7926DD8197066A900AEBE73 /* Products */ = {
			isa = PBXGroup;
			children = (
				A7926DD7197066A900AEBE73 /* Cars_And_Animals.app */,
				A7926DF2197066A900AEBE73 /* Cars_And_AnimalsTests.xctest */,
			);
			name = Products;
			sourceTree = "<group>";
		};
		A7926DD9197066A900AEBE73 /* Frameworks */ = {
			isa = PBXGroup;
			children = (
				A7926DDA197066A900AEBE73 /* Foundation.framework */,
				A7926DDC197066A900AEBE73 /* CoreGraphics.framework */,
				A7926DDE197066A900AEBE73 /* UIKit.framework */,
				A7926DF3197066A900AEBE73 /* XCTest.framework */,
			);
			name = Frameworks;
			sourceTree = "<group>";
		};
		A7926DE0197066A900AEBE73 /* Cars_And_Animals */ = {
			isa = PBXGroup;
			children = (
				A7926DE9197066A900AEBE73 /* AppDelegate.h */,
				A7926DEA197066A900AEBE73 /* AppDelegate.m */,
				A7926DEC197066A900AEBE73 /* Images.xcassets */,
				A7926DE1197066A900AEBE73 /* Supporting Files */,
				A7926E091970679400AEBE73 /* ListsTableViewController.h */,
				A7926E0A1970679400AEBE73 /* ListsTableViewController.m */,
				A7926E0C1970699A00AEBE73 /* ListsTVCInterfaceTool.h */,
				A7926E0D1970699A00AEBE73 /* ListsTVCInterfaceTool.m */,
				A7926E0F19706D7500AEBE73 /* Constants.h */,
				A7926E1819706EA600AEBE73 /* Models */,
				A7926E1919706EC000AEBE73 /* ListManager.h */,
				A7926E1A19706EC000AEBE73 /* ListManager.m */,
				A7926E2B1970754500AEBE73 /* TableViewCells */,
			);
			path = Cars_And_Animals;
			sourceTree = "<group>";
		};
		A7926DE1197066A900AEBE73 /* Supporting Files */ = {
			isa = PBXGroup;
			children = (
				A7926DE2197066A900AEBE73 /* Cars_And_Animals-Info.plist */,
				A7926DE3197066A900AEBE73 /* InfoPlist.strings */,
				A7926DE6197066A900AEBE73 /* main.m */,
				A7926DE8197066A900AEBE73 /* Cars_And_Animals-Prefix.pch */,
			);
			name = "Supporting Files";
			sourceTree = "<group>";
		};
		A7926DF9197066A900AEBE73 /* Cars_And_AnimalsTests */ = {
			isa = PBXGroup;
			children = (
				A7926DFF197066A900AEBE73 /* Cars_And_AnimalsTests.m */,
				A7926DFA197066A900AEBE73 /* Supporting Files */,
			);
			path = Cars_And_AnimalsTests;
			sourceTree = "<group>";
		};
		A7926DFA197066A900AEBE73 /* Supporting Files */ = {
			isa = PBXGroup;
			children = (
				A7926DFB197066A900AEBE73 /* Cars_And_AnimalsTests-Info.plist */,
				A7926DFC197066A900AEBE73 /* InfoPlist.strings */,
			);
			name = "Supporting Files";
			sourceTree = "<group>";
		};
		A7926E1819706EA600AEBE73 /* Models */ = {
			isa = PBXGroup;
			children = (
				A7926E1219706E9200AEBE73 /* CarModel.h */,
				A7926E1319706E9200AEBE73 /* CarModel.m */,
				A7926E1519706E9F00AEBE73 /* AnimalModel.h */,
				A7926E1619706E9F00AEBE73 /* AnimalModel.m */,
				A7926E1C19706F7C00AEBE73 /* Models.h */,
			);
			name = Models;
			sourceTree = "<group>";
		};
		A7926E2B1970754500AEBE73 /* TableViewCells */ = {
			isa = PBXGroup;
			children = (
				A7926E22197072E900AEBE73 /* CarListTableViewCell.h */,
				A7926E23197072E900AEBE73 /* CarListTableViewCell.m */,
				A7926E25197072FC00AEBE73 /* AnimalListTableViewCell.h */,
				A7926E26197072FC00AEBE73 /* AnimalListTableViewCell.m */,
				A7926E281970750800AEBE73 /* ListTableViewCell.h */,
				A7926E291970750800AEBE73 /* ListTableViewCell.m */,
			);
			name = TableViewCells;
			sourceTree = "<group>";
		};
/* End PBXGroup section */

/* Begin PBXNativeTarget section */
		A7926DD6197066A900AEBE73 /* Cars_And_Animals */ = {
			isa = PBXNativeTarget;
			buildConfigurationList = A7926E03197066A900AEBE73 /* Build configuration list for PBXNativeTarget "Cars_And_Animals" */;
			buildPhases = (
				A7926DD3197066A900AEBE73 /* Sources */,
				A7926DD4197066A900AEBE73 /* Frameworks */,
				A7926DD5197066A900AEBE73 /* Resources */,
			);
			buildRules = (
			);
			dependencies = (
			);
			name = Cars_And_Animals;
			productName = Cars_And_Animals;
			productReference = A7926DD7197066A900AEBE73 /* Cars_And_Animals.app */;
			productType = "com.apple.product-type.application";
		};
		A7926DF1197066A900AEBE73 /* Cars_And_AnimalsTests */ = {
			isa = PBXNativeTarget;
			buildConfigurationList = A7926E06197066A900AEBE73 /* Build configuration list for PBXNativeTarget "Cars_And_AnimalsTests" */;
			buildPhases = (
				A7926DEE197066A900AEBE73 /* Sources */,
				A7926DEF197066A900AEBE73 /* Frameworks */,
				A7926DF0197066A900AEBE73 /* Resources */,
			);
			buildRules = (
			);
			dependencies = (
				A7926DF8197066A900AEBE73 /* PBXTargetDependency */,
			);
			name = Cars_And_AnimalsTests;
			productName = Cars_And_AnimalsTests;
			productReference = A7926DF2197066A900AEBE73 /* Cars_And_AnimalsTests.xctest */;
			productType = "com.apple.product-type.bundle.unit-test";
		};
/* End PBXNativeTarget section */

/* Begin PBXProject section */
		A7926DCF197066A900AEBE73 /* Project object */ = {
			isa = PBXProject;
			attributes = {
				LastUpgradeCheck = 0510;
				ORGANIZATIONNAME = ES;
				TargetAttributes = {
					A7926DF1197066A900AEBE73 = {
						TestTargetID = A7926DD6197066A900AEBE73;
					};
				};
			};
			buildConfigurationList = A7926DD2197066A900AEBE73 /* Build configuration list for PBXProject "Cars_And_Animals" */;
			compatibilityVersion = "Xcode 3.2";
			developmentRegion = English;
			hasScannedForEncodings = 0;
			knownRegions = (
				en,
			);
			mainGroup = A7926DCE197066A900AEBE73;
			productRefGroup = A7926DD8197066A900AEBE73 /* Products */;
			projectDirPath = "";
			projectRoot = "";
			targets = (
				A7926DD6197066A900AEBE73 /* Cars_And_Animals */,
				A7926DF1197066A900AEBE73 /* Cars_And_AnimalsTests */,
			);
		};
/* End PBXProject section */

/* Begin PBXResourcesBuildPhase section */
		A7926DD5197066A900AEBE73 /* Resources */ = {
			isa = PBXResourcesBuildPhase;
			buildActionMask = 2147483647;
			files = (
				A7926DE5197066A900AEBE73 /* InfoPlist.strings in Resources */,
				A7926DED197066A900AEBE73 /* Images.xcassets in Resources */,
			);
			runOnlyForDeploymentPostprocessing = 0;
		};
		A7926DF0197066A900AEBE73 /* Resources */ = {
			isa = PBXResourcesBuildPhase;
			buildActionMask = 2147483647;
			files = (
				A7926DFE197066A900AEBE73 /* InfoPlist.strings in Resources */,
			);
			runOnlyForDeploymentPostprocessing = 0;
		};
/* End PBXResourcesBuildPhase section */

/* Begin PBXSourcesBuildPhase section */
		A7926DD3197066A900AEBE73 /* Sources */ = {
			isa = PBXSourcesBuildPhase;
			buildActionMask = 2147483647;
			files = (
				A7926E0B1970679400AEBE73 /* ListsTableViewController.m in Sources */,
				A7926E1719706E9F00AEBE73 /* AnimalModel.m in Sources */,
				A7926E1B19706EC000AEBE73 /* ListManager.m in Sources */,
				A7926E0E1970699A00AEBE73 /* ListsTVCInterfaceTool.m in Sources */,
				A7926E1419706E9200AEBE73 /* CarModel.m in Sources */,
				A7926DEB197066A900AEBE73 /* AppDelegate.m in Sources */,
				A7926E27197072FC00AEBE73 /* AnimalListTableViewCell.m in Sources */,
				A7926E24197072E900AEBE73 /* CarListTableViewCell.m in Sources */,
				A7926DE7197066A900AEBE73 /* main.m in Sources */,
				A7926E2A1970750800AEBE73 /* ListTableViewCell.m in Sources */,
			);
			runOnlyForDeploymentPostprocessing = 0;
		};
		A7926DEE197066A900AEBE73 /* Sources */ = {
			isa = PBXSourcesBuildPhase;
			buildActionMask = 2147483647;
			files = (
				A7926E00197066A900AEBE73 /* Cars_And_AnimalsTests.m in Sources */,
			);
			runOnlyForDeploymentPostprocessing = 0;
		};
/* End PBXSourcesBuildPhase section */

/* Begin PBXTargetDependency section */
		A7926DF8197066A900AEBE73 /* PBXTargetDependency */ = {
			isa = PBXTargetDependency;
			target = A7926DD6197066A900AEBE73 /* Cars_And_Animals */;
			targetProxy = A7926DF7197066A900AEBE73 /* PBXContainerItemProxy */;
		};
/* End PBXTargetDependency section */

/* Begin PBXVariantGroup section */
		A7926DE3197066A900AEBE73 /* InfoPlist.strings */ = {
			isa = PBXVariantGroup;
			children = (
				A7926DE4197066A900AEBE73 /* en */,
			);
			name = InfoPlist.strings;
			sourceTree = "<group>";
		};
		A7926DFC197066A900AEBE73 /* InfoPlist.strings */ = {
			isa = PBXVariantGroup;
			children = (
				A7926DFD197066A900AEBE73 /* en */,
			);
			name = InfoPlist.strings;
			sourceTree = "<group>";
		};
/* End PBXVariantGroup section */

/* Begin XCBuildConfiguration section */
		A7926E01197066A900AEBE73 /* Debug */ = {
			isa = XCBuildConfiguration;
			buildSettings = {
				ALWAYS_SEARCH_USER_PATHS = NO;
				CLANG_CXX_LANGUAGE_STANDARD = "gnu++0x";
				CLANG_CXX_LIBRARY = "libc++";
				CLANG_ENABLE_MODULES = YES;
				CLANG_ENABLE_OBJC_ARC = YES;
				CLANG_WARN_BOOL_CONVERSION = YES;
				CLANG_WARN_CONSTANT_CONVERSION = YES;
				CLANG_WARN_DIRECT_OBJC_ISA_USAGE = YES_ERROR;
				CLANG_WARN_EMPTY_BODY = YES;
				CLANG_WARN_ENUM_CONVERSION = YES;
				CLANG_WARN_INT_CONVERSION = YES;
				CLANG_WARN_OBJC_ROOT_CLASS = YES_ERROR;
				CLANG_WARN__DUPLICATE_METHOD_MATCH = YES;
				"CODE_SIGN_IDENTITY[sdk=iphoneos*]" = "iPhone Developer";
				COPY_PHASE_STRIP = NO;
				GCC_C_LANGUAGE_STANDARD = gnu99;
				GCC_DYNAMIC_NO_PIC = NO;
				GCC_OPTIMIZATION_LEVEL = 0;
				GCC_PREPROCESSOR_DEFINITIONS = (
					"DEBUG=1",
					"$(inherited)",
				);
				GCC_SYMBOLS_PRIVATE_EXTERN = NO;
				GCC_WARN_64_TO_32_BIT_CONVERSION = YES;
				GCC_WARN_ABOUT_RETURN_TYPE = YES_ERROR;
				GCC_WARN_UNDECLARED_SELECTOR = YES;
				GCC_WARN_UNINITIALIZED_AUTOS = YES_AGGRESSIVE;
				GCC_WARN_UNUSED_FUNCTION = YES;
				GCC_WARN_UNUSED_VARIABLE = YES;
				IPHONEOS_DEPLOYMENT_TARGET = 7.1;
				ONLY_ACTIVE_ARCH = YES;
				SDKROOT = iphoneos;
			};
			name = Debug;
		};
		A7926E02197066A900AEBE73 /* Release */ = {
			isa = XCBuildConfiguration;
			buildSettings = {
				ALWAYS_SEARCH_USER_PATHS = NO;
				CLANG_CXX_LANGUAGE_STANDARD = "gnu++0x";
				CLANG_CXX_LIBRARY = "libc++";
				CLANG_ENABLE_MODULES = YES;
				CLANG_ENABLE_OBJC_ARC = YES;
				CLANG_WARN_BOOL_CONVERSION = YES;
				CLANG_WARN_CONSTANT_CONVERSION = YES;
				CLANG_WARN_DIRECT_OBJC_ISA_USAGE = YES_ERROR;
				CLANG_WARN_EMPTY_BODY = YES;
				CLANG_WARN_ENUM_CONVERSION = YES;
				CLANG_WARN_INT_CONVERSION = YES;
				CLANG_WARN_OBJC_ROOT_CLASS = YES_ERROR;
				CLANG_WARN__DUPLICATE_METHOD_MATCH = YES;
				"CODE_SIGN_IDENTITY[sdk=iphoneos*]" = "iPhone Developer";
				COPY_PHASE_STRIP = YES;
				ENABLE_NS_ASSERTIONS = NO;
				GCC_C_LANGUAGE_STANDARD = gnu99;
				GCC_WARN_64_TO_32_BIT_CONVERSION = YES;
				GCC_WARN_ABOUT_RETURN_TYPE = YES_ERROR;
				GCC_WARN_UNDECLARED_SELECTOR = YES;
				GCC_WARN_UNINITIALIZED_AUTOS = YES_AGGRESSIVE;
				GCC_WARN_UNUSED_FUNCTION = YES;
				GCC_WARN_UNUSED_VARIABLE = YES;
				IPHONEOS_DEPLOYMENT_TARGET = 7.1;
				SDKROOT = iphoneos;
				VALIDATE_PRODUCT = YES;
			};
			name = Release;
		};
		A7926E04197066A900AEBE73 /* Debug */ = {
			isa = XCBuildConfiguration;
			buildSettings = {
				ASSETCATALOG_COMPILER_APPICON_NAME = AppIcon;
				ASSETCATALOG_COMPILER_LAUNCHIMAGE_NAME = LaunchImage;
				GCC_PRECOMPILE_PREFIX_HEADER = YES;
				GCC_PREFIX_HEADER = "Cars_And_Animals/Cars_And_Animals-Prefix.pch";
				INFOPLIST_FILE = "Cars_And_Animals/Cars_And_Animals-Info.plist";
				PRODUCT_NAME = "$(TARGET_NAME)";
				WRAPPER_EXTENSION = app;
			};
			name = Debug;
		};
		A7926E05197066A900AEBE73 /* Release */ = {
			isa = XCBuildConfiguration;
			buildSettings = {
				ASSETCATALOG_COMPILER_APPICON_NAME = AppIcon;
				ASSETCATALOG_COMPILER_LAUNCHIMAGE_NAME = LaunchImage;
				GCC_PRECOMPILE_PREFIX_HEADER = YES;
				GCC_PREFIX_HEADER = "Cars_And_Animals/Cars_And_Animals-Prefix.pch";
				INFOPLIST_FILE = "Cars_And_Animals/Cars_And_Animals-Info.plist";
				PRODUCT_NAME = "$(TARGET_NAME)";
				WRAPPER_EXTENSION = app;
			};
			name = Release;
		};
		A7926E07197066A900AEBE73 /* Debug */ = {
			isa = XCBuildConfiguration;
			buildSettings = {
				BUNDLE_LOADER = "$(BUILT_PRODUCTS_DIR)/Cars_And_Animals.app/Cars_And_Animals";
				FRAMEWORK_SEARCH_PATHS = (
					"$(SDKROOT)/Developer/Library/Frameworks",
					"$(inherited)",
					"$(DEVELOPER_FRAMEWORKS_DIR)",
				);
				GCC_PRECOMPILE_PREFIX_HEADER = YES;
				GCC_PREFIX_HEADER = "Cars_And_Animals/Cars_And_Animals-Prefix.pch";
				GCC_PREPROCESSOR_DEFINITIONS = (
					"DEBUG=1",
					"$(inherited)",
				);
				INFOPLIST_FILE = "Cars_And_AnimalsTests/Cars_And_AnimalsTests-Info.plist";
				PRODUCT_NAME = "$(TARGET_NAME)";
				TEST_HOST = "$(BUNDLE_LOADER)";
				WRAPPER_EXTENSION = xctest;
			};
			name = Debug;
		};
		A7926E08197066A900AEBE73 /* Release */ = {
			isa = XCBuildConfiguration;
			buildSettings = {
				BUNDLE_LOADER = "$(BUILT_PRODUCTS_DIR)/Cars_And_Animals.app/Cars_And_Animals";
				FRAMEWORK_SEARCH_PATHS = (
					"$(SDKROOT)/Developer/Library/Frameworks",
					"$(inherited)",
					"$(DEVELOPER_FRAMEWORKS_DIR)",
				);
				GCC_PRECOMPILE_PREFIX_HEADER = YES;
				GCC_PREFIX_HEADER = "Cars_And_Animals/Cars_And_Animals-Prefix.pch";
				INFOPLIST_FILE = "Cars_And_AnimalsTests/Cars_And_AnimalsTests-Info.plist";
				PRODUCT_NAME = "$(TARGET_NAME)";
				TEST_HOST = "$(BUNDLE_LOADER)";
				WRAPPER_EXTENSION = xctest;
			};
			name = Release;
		};
/* End XCBuildConfiguration section */

/* Begin XCConfigurationList section */
		A7926DD2197066A900AEBE73 /* Build configuration list for PBXProject "Cars_And_Animals" */ = {
			isa = XCConfigurationList;
			buildConfigurations = (
				A7926E01197066A900AEBE73 /* Debug */,
				A7926E02197066A900AEBE73 /* Release */,
			);
			defaultConfigurationIsVisible = 0;
			defaultConfigurationName = Release;
		};
		A7926E03197066A900AEBE73 /* Build configuration list for PBXNativeTarget "Cars_And_Animals" */ = {
			isa = XCConfigurationList;
			buildConfigurations = (
				A7926E04197066A900AEBE73 /* Debug */,
				A7926E05197066A900AEBE73 /* Release */,
			);
			defaultConfigurationIsVisible = 0;
		};
		A7926E06197066A900AEBE73 /* Build configuration list for PBXNativeTarget "Cars_And_AnimalsTests" */ = {
			isa = XCConfigurationList;
			buildConfigurations = (
				A7926E07197066A900AEBE73 /* Debug */,
				A7926E08197066A900AEBE73 /* Release */,
			);
			defaultConfigurationIsVisible = 0;
		};
/* End XCConfigurationList section */
	};
	rootObject = A7926DCF197066A900AEBE73 /* Project object */;
}
